
Microsoft Visual Studio Solution File, Format Version 12.00
Project("{FAE04EC0-301F-11D3-BF4B-00C04F79EFBC}") = "ClassLibrary1", "ClassLibrary1.csproj", "{BEBE0BB8-E0E2-4B46-A163-B34A0F3BBDF4}"
EndProject
Global
	GlobalSection(SolutionConfigurationPlatforms) = preSolution
		Debug|Any CPU = Debug|Any CPU
		Release|Any CPU = Release|Any CPU
	EndGlobalSection
	GlobalSection(ProjectConfigurationPlatforms) = postSolution
		{BEBE0BB8-E0E2-4B46-A163-B34A0F3BBDF4}.Debug|Any CPU.ActiveCfg = Debug|Any CPU
		{BEBE0BB8-E0E2-4B46-A163-B34A0F3BBDF4}.Debug|Any CPU.Build.0 = Debug|Any CPU
		{BEBE0BB8-E0E2-4B46-A163-B34A0F3BBDF4}.Release|Any CPU.ActiveCfg = Release|Any CPU
		{BEBE0BB8-E0E2-4B46-A163-B34A0F3BBDF4}.Release|Any CPU.Build.0 = Release|Any CPU
	EndGlobalSection
EndGlobal
